
Microsoft Visual Studio Solution File, Format Version 12.00
# Visual Studio 15
VisualStudioVersion = 15.0.28307.1267
MinimumVisualStudioVersion = 10.0.40219.1
Project("{FAE04EC0-301F-11D3-BF4B-00C04F79EFBC}") = "EntityAspProje", "EntityAspProje\EntityAspProje.csproj", "{D297418E-F720-49C6-82AB-1F56FE26445D}"
EndProject
Global
	GlobalSection(SolutionConfigurationPlatforms) = preSolution
		Debug|Any CPU = Debug|Any CPU
		Release|Any CPU = Release|Any CPU
	EndGlobalSection
	GlobalSection(ProjectConfigurationPlatforms) = postSolution
		{D297418E-F720-49C6-82AB-1F56FE26445D}.Debug|Any CPU.ActiveCfg = Debug|Any CPU
		{D297418E-F720-49C6-82AB-1F56FE26445D}.Debug|Any CPU.Build.0 = Debug|Any CPU
		{D297418E-F720-49C6-82AB-1F56FE26445D}.Release|Any CPU.ActiveCfg = Release|Any CPU
		{D297418E-F720-49C6-82AB-1F56FE26445D}.Release|Any CPU.Build.0 = Release|Any CPU
	EndGlobalSection
	GlobalSection(SolutionProperties) = preSolution
		HideSolutionNode = FALSE
	EndGlobalSection
	GlobalSection(ExtensibilityGlobals) = postSolution
		SolutionGuid = {0CAE7493-9177-4C58-AB59-4F689BC27A22}
	EndGlobalSection
EndGlobal
